// !$*UTF8*$!
{
	archiveVersion = 1;
	classes = {
	};
	objectVersion = 46;
	objects = {

/* Begin PBXBuildFile section */
		1178B21D1AA05119006A4785 /* Foundation.framework in Frameworks */ = {isa = PBXBuildFile; fileRef = 1178B21C1AA05119006A4785 /* Foundation.framework */; };
		1178B21F1AA05119006A4785 /* CoreGraphics.framework in Frameworks */ = {isa = PBXBuildFile; fileRef = 1178B21E1AA05119006A4785 /* CoreGraphics.framework */; };
		1178B2211AA05119006A4785 /* UIKit.framework in Frameworks */ = {isa = PBXBuildFile; fileRef = 1178B2201AA05119006A4785 /* UIKit.framework */; };
		1178B2271AA0511A006A4785 /* InfoPlist.strings in Resources */ = {isa = PBXBuildFile; fileRef = 1178B2251AA0511A006A4785 /* InfoPlist.strings */; };
		1178B2291AA0511A006A4785 /* main.m in Sources */ = {isa = PBXBuildFile; fileRef = 1178B2281AA0511A006A4785 /* main.m */; };
		1178B22D1AA0511A006A4785 /* BNRAppDelegate.m in Sources */ = {isa = PBXBuildFile; fileRef = 1178B22C1AA0511A006A4785 /* BNRAppDelegate.m */; };
		1178B2301AA0511A006A4785 /* Main.storyboard in Resources */ = {isa = PBXBuildFile; fileRef = 1178B22E1AA0511A006A4785 /* Main.storyboard */; };
		1178B2331AA0511A006A4785 /* BNRViewController.m in Sources */ = {isa = PBXBuildFile; fileRef = 1178B2321AA0511A006A4785 /* BNRViewController.m */; };
		1178B2351AA0511A006A4785 /* Images.xcassets in Resources */ = {isa = PBXBuildFile; fileRef = 1178B2341AA0511A006A4785 /* Images.xcassets */; };
		1178B23C1AA0511A006A4785 /* XCTest.framework in Frameworks */ = {isa = PBXBuildFile; fileRef = 1178B23B1AA0511A006A4785 /* XCTest.framework */; };
		1178B23D1AA0511A006A4785 /* Foundation.framework in Frameworks */ = {isa = PBXBuildFile; fileRef = 1178B21C1AA05119006A4785 /* Foundation.framework */; };
		1178B23E1AA0511A006A4785 /* UIKit.framework in Frameworks */ = {isa = PBXBuildFile; fileRef = 1178B2201AA05119006A4785 /* UIKit.framework */; };
		1178B2461AA0511A006A4785 /* InfoPlist.strings in Resources */ = {isa = PBXBuildFile; fileRef = 1178B2441AA0511A006A4785 /* InfoPlist.strings */; };
		1178B2481AA0511A006A4785 /* HypnosisterTests.m in Sources */ = {isa = PBXBuildFile; fileRef = 1178B2471AA0511A006A4785 /* HypnosisterTests.m */; };
		1178B2531AA053C3006A4785 /* BNRHypnosisView.m in Sources */ = {isa = PBXBuildFile; fileRef = 1178B2521AA053C3006A4785 /* BNRHypnosisView.m */; };
		32A84F2C1AA0A364002EFF88 /* Default-568h@2x.png in Resources */ = {isa = PBXBuildFile; fileRef = 32A84F111AA0A364002EFF88 /* Default-568h@2x.png */; };
		32A84F2D1AA0A364002EFF88 /* Default@2x.png in Resources */ = {isa = PBXBuildFile; fileRef = 32A84F121AA0A364002EFF88 /* Default@2x.png */; };
		32A84F2E1AA0A364002EFF88 /* Hypno.png in Resources */ = {isa = PBXBuildFile; fileRef = 32A84F131AA0A364002EFF88 /* Hypno.png */; };
		32A84F2F1AA0A364002EFF88 /* Hypno@2x.png in Resources */ = {isa = PBXBuildFile; fileRef = 32A84F141AA0A364002EFF88 /* Hypno@2x.png */; };
		32A84F301AA0A364002EFF88 /* Icon@2x.png in Resources */ = {isa = PBXBuildFile; fileRef = 32A84F151AA0A364002EFF88 /* Icon@2x.png */; };
		32A84F311AA0A364002EFF88 /* logo.png in Resources */ = {isa = PBXBuildFile; fileRef = 32A84F161AA0A364002EFF88 /* logo.png */; };
		32A84F321AA0A364002EFF88 /* Homepwner-120.png in Resources */ = {isa = PBXBuildFile; fileRef = 32A84F181AA0A364002EFF88 /* Homepwner-120.png */; };
		32A84F331AA0A364002EFF88 /* Homepwner-152.png in Resources */ = {isa = PBXBuildFile; fileRef = 32A84F191AA0A364002EFF88 /* Homepwner-152.png */; };
		32A84F341AA0A364002EFF88 /* Homepwner-76.png in Resources */ = {isa = PBXBuildFile; fileRef = 32A84F1A1AA0A364002EFF88 /* Homepwner-76.png */; };
		32A84F351AA0A364002EFF88 /* HypnoNerd-120.png in Resources */ = {isa = PBXBuildFile; fileRef = 32A84F1B1AA0A364002EFF88 /* HypnoNerd-120.png */; };
		32A84F361AA0A364002EFF88 /* HypnoNerd-152.png in Resources */ = {isa = PBXBuildFile; fileRef = 32A84F1C1AA0A364002EFF88 /* HypnoNerd-152.png */; };
		32A84F371AA0A364002EFF88 /* HypnoNerd-76.png in Resources */ = {isa = PBXBuildFile; fileRef = 32A84F1D1AA0A364002EFF88 /* HypnoNerd-76.png */; };
		32A84F381AA0A364002EFF88 /* Hypnosister-120.png in Resources */ = {isa = PBXBuildFile; fileRef = 32A84F1E1AA0A364002EFF88 /* Hypnosister-120.png */; };
		32A84F391AA0A364002EFF88 /* Hypnosister-152.png in Resources */ = {isa = PBXBuildFile; fileRef = 32A84F1F1AA0A364002EFF88 /* Hypnosister-152.png */; };
		32A84F3A1AA0A364002EFF88 /* Hypnosister-76.png in Resources */ = {isa = PBXBuildFile; fileRef = 32A84F201AA0A364002EFF88 /* Hypnosister-76.png */; };
		32A84F3B1AA0A364002EFF88 /* Nerdfeed-120.png in Resources */ = {isa = PBXBuildFile; fileRef = 32A84F211AA0A364002EFF88 /* Nerdfeed-120.png */; };
		32A84F3C1AA0A364002EFF88 /* Nerdfeed-152.png in Resources */ = {isa = PBXBuildFile; fileRef = 32A84F221AA0A364002EFF88 /* Nerdfeed-152.png */; };
		32A84F3D1AA0A364002EFF88 /* Nerdfeed-76.png in Resources */ = {isa = PBXBuildFile; fileRef = 32A84F231AA0A364002EFF88 /* Nerdfeed-76.png */; };
		32A84F3E1AA0A364002EFF88 /* Quiz-120.png in Resources */ = {isa = PBXBuildFile; fileRef = 32A84F241AA0A364002EFF88 /* Quiz-120.png */; };
		32A84F3F1AA0A364002EFF88 /* Quiz-152.png in Resources */ = {isa = PBXBuildFile; fileRef = 32A84F251AA0A364002EFF88 /* Quiz-152.png */; };
		32A84F401AA0A364002EFF88 /* Quiz-76.png in Resources */ = {isa = PBXBuildFile; fileRef = 32A84F261AA0A364002EFF88 /* Quiz-76.png */; };
		32A84F411AA0A364002EFF88 /* TouchTracker-120.png in Resources */ = {isa = PBXBuildFile; fileRef = 32A84F271AA0A364002EFF88 /* TouchTracker-120.png */; };
		32A84F421AA0A364002EFF88 /* TouchTracker-152.png in Resources */ = {isa = PBXBuildFile; fileRef = 32A84F281AA0A364002EFF88 /* TouchTracker-152.png */; };
		32A84F431AA0A364002EFF88 /* TouchTracker-76.png in Resources */ = {isa = PBXBuildFile; fileRef = 32A84F291AA0A364002EFF88 /* TouchTracker-76.png */; };
		32A84F441AA0A364002EFF88 /* Time.png in Resources */ = {isa = PBXBuildFile; fileRef = 32A84F2A1AA0A364002EFF88 /* Time.png */; };
		32A84F451AA0A364002EFF88 /* Time@2x.png in Resources */ = {isa = PBXBuildFile; fileRef = 32A84F2B1AA0A364002EFF88 /* Time@2x.png */; };
		32A84F471AA0A41D002EFF88 /* iOSProgramming4ed.zip in Resources */ = {isa = PBXBuildFile; fileRef = 32A84F461AA0A41D002EFF88 /* iOSProgramming4ed.zip */; };
/* End PBXBuildFile section */

/* Begin PBXContainerItemProxy section */
		1178B23F1AA0511A006A4785 /* PBXContainerItemProxy */ = {
			isa = PBXContainerItemProxy;
			containerPortal = 1178B2111AA05119006A4785 /* Project object */;
			proxyType = 1;
			remoteGlobalIDString = 1178B2181AA05119006A4785;
			remoteInfo = Hypnosister;
		};
/* End PBXContainerItemProxy section */

/* Begin PBXFileReference section */
		1178B2191AA05119006A4785 /* Hypnosister.app */ = {isa = PBXFileReference; explicitFileType = wrapper.application; includeInIndex = 0; path = Hypnosister.app; sourceTree = BUILT_PRODUCTS_DIR; };
		1178B21C1AA05119006A4785 /* Foundation.framework */ = {isa = PBXFileReference; lastKnownFileType = wrapper.framework; name = Foundation.framework; path = System/Library/Frameworks/Foundation.framework; sourceTree = SDKROOT; };
		1178B21E1AA05119006A4785 /* CoreGraphics.framework */ = {isa = PBXFileReference; lastKnownFileType = wrapper.framework; name = CoreGraphics.framework; path = System/Library/Frameworks/CoreGraphics.framework; sourceTree = SDKROOT; };
		1178B2201AA05119006A4785 /* UIKit.framework */ = {isa = PBXFileReference; lastKnownFileType = wrapper.framework; name = UIKit.framework; path = System/Library/Frameworks/UIKit.framework; sourceTree = SDKROOT; };
		1178B2241AA0511A006A4785 /* Hypnosister-Info.plist */ = {isa = PBXFileReference; lastKnownFileType = text.plist.xml; path = "Hypnosister-Info.plist"; sourceTree = "<group>"; };
		1178B2261AA0511A006A4785 /* en */ = {isa = PBXFileReference; lastKnownFileType = text.plist.strings; name = en; path = en.lproj/InfoPlist.strings; sourceTree = "<group>"; };
		1178B2281AA0511A006A4785 /* main.m */ = {isa = PBXFileReference; lastKnownFileType = sourcecode.c.objc; path = main.m; sourceTree = "<group>"; };
		1178B22A1AA0511A006A4785 /* Hypnosister-Prefix.pch */ = {isa = PBXFileReference; lastKnownFileType = sourcecode.c.h; path = "Hypnosister-Prefix.pch"; sourceTree = "<group>"; };
		1178B22B1AA0511A006A4785 /* BNRAppDelegate.h */ = {isa = PBXFileReference; lastKnownFileType = sourcecode.c.h; path = BNRAppDelegate.h; sourceTree = "<group>"; };
		1178B22C1AA0511A006A4785 /* BNRAppDelegate.m */ = {isa = PBXFileReference; lastKnownFileType = sourcecode.c.objc; path = BNRAppDelegate.m; sourceTree = "<group>"; };
		1178B22F1AA0511A006A4785 /* Base */ = {isa = PBXFileReference; lastKnownFileType = file.storyboard; name = Base; path = Base.lproj/Main.storyboard; sourceTree = "<group>"; };
		1178B2311AA0511A006A4785 /* BNRViewController.h */ = {isa = PBXFileReference; lastKnownFileType = sourcecode.c.h; path = BNRViewController.h; sourceTree = "<group>"; };
		1178B2321AA0511A006A4785 /* BNRViewController.m */ = {isa = PBXFileReference; lastKnownFileType = sourcecode.c.objc; path = BNRViewController.m; sourceTree = "<group>"; };
		1178B2341AA0511A006A4785 /* Images.xcassets */ = {isa = PBXFileReference; lastKnownFileType = folder.assetcatalog; path = Images.xcassets; sourceTree = "<group>"; };
		1178B23A1AA0511A006A4785 /* HypnosisterTests.xctest */ = {isa = PBXFileReference; explicitFileType = wrapper.cfbundle; includeInIndex = 0; path = HypnosisterTests.xctest; sourceTree = BUILT_PRODUCTS_DIR; };
		1178B23B1AA0511A006A4785 /* XCTest.framework */ = {isa = PBXFileReference; lastKnownFileType = wrapper.framework; name = XCTest.framework; path = Library/Frameworks/XCTest.framework; sourceTree = DEVELOPER_DIR; };
		1178B2431AA0511A006A4785 /* HypnosisterTests-Info.plist */ = {isa = PBXFileReference; lastKnownFileType = text.plist.xml; path = "HypnosisterTests-Info.plist"; sourceTree = "<group>"; };
		1178B2451AA0511A006A4785 /* en */ = {isa = PBXFileReference; lastKnownFileType = text.plist.strings; name = en; path = en.lproj/InfoPlist.strings; sourceTree = "<group>"; };
		1178B2471AA0511A006A4785 /* HypnosisterTests.m */ = {isa = PBXFileReference; lastKnownFileType = sourcecode.c.objc; path = HypnosisterTests.m; sourceTree = "<group>"; };
		1178B2511AA053C3006A4785 /* BNRHypnosisView.h */ = {isa = PBXFileReference; fileEncoding = 4; lastKnownFileType = sourcecode.c.h; path = BNRHypnosisView.h; sourceTree = "<group>"; };
		1178B2521AA053C3006A4785 /* BNRHypnosisView.m */ = {isa = PBXFileReference; fileEncoding = 4; lastKnownFileType = sourcecode.c.objc; path = BNRHypnosisView.m; sourceTree = "<group>"; };
		32A84F111AA0A364002EFF88 /* Default-568h@2x.png */ = {isa = PBXFileReference; lastKnownFileType = image.png; path = "Default-568h@2x.png"; sourceTree = "<group>"; };
		32A84F121AA0A364002EFF88 /* Default@2x.png */ = {isa = PBXFileReference; lastKnownFileType = image.png; path = "Default@2x.png"; sourceTree = "<group>"; };
		32A84F131AA0A364002EFF88 /* Hypno.png */ = {isa = PBXFileReference; lastKnownFileType = image.png; path = Hypno.png; sourceTree = "<group>"; };
		32A84F141AA0A364002EFF88 /* Hypno@2x.png */ = {isa = PBXFileReference; lastKnownFileType = image.png; path = "Hypno@2x.png"; sourceTree = "<group>"; };
		32A84F151AA0A364002EFF88 /* Icon@2x.png */ = {isa = PBXFileReference; lastKnownFileType = image.png; path = "Icon@2x.png"; sourceTree = "<group>"; };
		32A84F161AA0A364002EFF88 /* logo.png */ = {isa = PBXFileReference; lastKnownFileType = image.png; path = logo.png; sourceTree = "<group>"; };
		32A84F181AA0A364002EFF88 /* Homepwner-120.png */ = {isa = PBXFileReference; lastKnownFileType = image.png; path = "Homepwner-120.png"; sourceTree = "<group>"; };
		32A84F191AA0A364002EFF88 /* Homepwner-152.png */ = {isa = PBXFileReference; lastKnownFileType = image.png; path = "Homepwner-152.png"; sourceTree = "<group>"; };
		32A84F1A1AA0A364002EFF88 /* Homepwner-76.png */ = {isa = PBXFileReference; lastKnownFileType = image.png; path = "Homepwner-76.png"; sourceTree = "<group>"; };
		32A84F1B1AA0A364002EFF88 /* HypnoNerd-120.png */ = {isa = PBXFileReference; lastKnownFileType = image.png; path = "HypnoNerd-120.png"; sourceTree = "<group>"; };
		32A84F1C1AA0A364002EFF88 /* HypnoNerd-152.png */ = {isa = PBXFileReference; lastKnownFileType = image.png; path = "HypnoNerd-152.png"; sourceTree = "<group>"; };
		32A84F1D1AA0A364002EFF88 /* HypnoNerd-76.png */ = {isa = PBXFileReference; lastKnownFileType = image.png; path = "HypnoNerd-76.png"; sourceTree = "<group>"; };
		32A84F1E1AA0A364002EFF88 /* Hypnosister-120.png */ = {isa = PBXFileReference; lastKnownFileType = image.png; path = "Hypnosister-120.png"; sourceTree = "<group>"; };
		32A84F1F1AA0A364002EFF88 /* Hypnosister-152.png */ = {isa = PBXFileReference; lastKnownFileType = image.png; path = "Hypnosister-152.png"; sourceTree = "<group>"; };
		32A84F201AA0A364002EFF88 /* Hypnosister-76.png */ = {isa = PBXFileReference; lastKnownFileType = image.png; path = "Hypnosister-76.png"; sourceTree = "<group>"; };
		32A84F211AA0A364002EFF88 /* Nerdfeed-120.png */ = {isa = PBXFileReference; lastKnownFileType = image.png; path = "Nerdfeed-120.png"; sourceTree = "<group>"; };
		32A84F221AA0A364002EFF88 /* Nerdfeed-152.png */ = {isa = PBXFileReference; lastKnownFileType = image.png; path = "Nerdfeed-152.png"; sourceTree = "<group>"; };
		32A84F231AA0A364002EFF88 /* Nerdfeed-76.png */ = {isa = PBXFileReference; lastKnownFileType = image.png; path = "Nerdfeed-76.png"; sourceTree = "<group>"; };
		32A84F241AA0A364002EFF88 /* Quiz-120.png */ = {isa = PBXFileReference; lastKnownFileType = image.png; path = "Quiz-120.png"; sourceTree = "<group>"; };
		32A84F251AA0A364002EFF88 /* Quiz-152.png */ = {isa = PBXFileReference; lastKnownFileType = image.png; path = "Quiz-152.png"; sourceTree = "<group>"; };
		32A84F261AA0A364002EFF88 /* Quiz-76.png */ = {isa = PBXFileReference; lastKnownFileType = image.png; path = "Quiz-76.png"; sourceTree = "<group>"; };
		32A84F271AA0A364002EFF88 /* TouchTracker-120.png */ = {isa = PBXFileReference; lastKnownFileType = image.png; path = "TouchTracker-120.png"; sourceTree = "<group>"; };
		32A84F281AA0A364002EFF88 /* TouchTracker-152.png */ = {isa = PBXFileReference; lastKnownFileType = image.png; path = "TouchTracker-152.png"; sourceTree = "<group>"; };
		32A84F291AA0A364002EFF88 /* TouchTracker-76.png */ = {isa = PBXFileReference; lastKnownFileType = image.png; path = "TouchTracker-76.png"; sourceTree = "<group>"; };
		32A84F2A1AA0A364002EFF88 /* Time.png */ = {isa = PBXFileReference; lastKnownFileType = image.png; path = Time.png; sourceTree = "<group>"; };
		32A84F2B1AA0A364002EFF88 /* Time@2x.png */ = {isa = PBXFileReference; lastKnownFileType = image.png; path = "Time@2x.png"; sourceTree = "<group>"; };
		32A84F461AA0A41D002EFF88 /* iOSProgramming4ed.zip */ = {isa = PBXFileReference; lastKnownFileType = archive.zip; path = iOSProgramming4ed.zip; sourceTree = "<group>"; };
/* End PBXFileReference section */

/* Begin PBXFrameworksBuildPhase section */
		1178B2161AA05119006A4785 /* Frameworks */ = {
			isa = PBXFrameworksBuildPhase;
			buildActionMask = 2147483647;
			files = (
				1178B21F1AA05119006A4785 /* CoreGraphics.framework in Frameworks */,
				1178B2211AA05119006A4785 /* UIKit.framework in Frameworks */,
				1178B21D1AA05119006A4785 /* Foundation.framework in Frameworks */,
			);
			runOnlyForDeploymentPostprocessing = 0;
		};
		1178B2371AA0511A006A4785 /* Frameworks */ = {
			isa = PBXFrameworksBuildPhase;
			buildActionMask = 2147483647;
			files = (
				1178B23C1AA0511A006A4785 /* XCTest.framework in Frameworks */,
				1178B23E1AA0511A006A4785 /* UIKit.framework in Frameworks */,
				1178B23D1AA0511A006A4785 /* Foundation.framework in Frameworks */,
			);
			runOnlyForDeploymentPostprocessing = 0;
		};
/* End PBXFrameworksBuildPhase section */

/* Begin PBXGroup section */
		1178B2101AA05119006A4785 = {
			isa = PBXGroup;
			children = (
				1178B2221AA05119006A4785 /* Hypnosister */,
				1178B2411AA0511A006A4785 /* HypnosisterTests */,
				1178B21B1AA05119006A4785 /* Frameworks */,
				1178B21A1AA05119006A4785 /* Products */,
			);
			sourceTree = "<group>";
		};
		1178B21A1AA05119006A4785 /* Products */ = {
			isa = PBXGroup;
			children = (
				1178B2191AA05119006A4785 /* Hypnosister.app */,
				1178B23A1AA0511A006A4785 /* HypnosisterTests.xctest */,
			);
			name = Products;
			sourceTree = "<group>";
		};
		1178B21B1AA05119006A4785 /* Frameworks */ = {
			isa = PBXGroup;
			children = (
				1178B21C1AA05119006A4785 /* Foundation.framework */,
				1178B21E1AA05119006A4785 /* CoreGraphics.framework */,
				1178B2201AA05119006A4785 /* UIKit.framework */,
				1178B23B1AA0511A006A4785 /* XCTest.framework */,
			);
			name = Frameworks;
			sourceTree = "<group>";
		};
		1178B2221AA05119006A4785 /* Hypnosister */ = {
			isa = PBXGroup;
			children = (
				1178B22B1AA0511A006A4785 /* BNRAppDelegate.h */,
				1178B22C1AA0511A006A4785 /* BNRAppDelegate.m */,
				1178B22E1AA0511A006A4785 /* Main.storyboard */,
				1178B2311AA0511A006A4785 /* BNRViewController.h */,
				1178B2321AA0511A006A4785 /* BNRViewController.m */,
				1178B2511AA053C3006A4785 /* BNRHypnosisView.h */,
				1178B2521AA053C3006A4785 /* BNRHypnosisView.m */,
				1178B2341AA0511A006A4785 /* Images.xcassets */,
				1178B2231AA0511A006A4785 /* Supporting Files */,
			);
			path = Hypnosister;
			sourceTree = "<group>";
		};
		1178B2231AA0511A006A4785 /* Supporting Files */ = {
			isa = PBXGroup;
			children = (
				32A84F101AA0A364002EFF88 /* 00-Resources */,
				1178B2241AA0511A006A4785 /* Hypnosister-Info.plist */,
				1178B2251AA0511A006A4785 /* InfoPlist.strings */,
				1178B2281AA0511A006A4785 /* main.m */,
				1178B22A1AA0511A006A4785 /* Hypnosister-Prefix.pch */,
			);
			name = "Supporting Files";
			sourceTree = "<group>";
		};
		1178B2411AA0511A006A4785 /* HypnosisterTests */ = {
			isa = PBXGroup;
			children = (
				1178B2471AA0511A006A4785 /* HypnosisterTests.m */,
				1178B2421AA0511A006A4785 /* Supporting Files */,
			);
			path = HypnosisterTests;
			sourceTree = "<group>";
		};
		1178B2421AA0511A006A4785 /* Supporting Files */ = {
			isa = PBXGroup;
			children = (
				1178B2431AA0511A006A4785 /* HypnosisterTests-Info.plist */,
				1178B2441AA0511A006A4785 /* InfoPlist.strings */,
			);
			name = "Supporting Files";
			sourceTree = "<group>";
		};
		32A84F101AA0A364002EFF88 /* 00-Resources */ = {
			isa = PBXGroup;
			children = (
				32A84F461AA0A41D002EFF88 /* iOSProgramming4ed.zip */,
				32A84F111AA0A364002EFF88 /* Default-568h@2x.png */,
				32A84F121AA0A364002EFF88 /* Default@2x.png */,
				32A84F131AA0A364002EFF88 /* Hypno.png */,
				32A84F141AA0A364002EFF88 /* Hypno@2x.png */,
				32A84F151AA0A364002EFF88 /* Icon@2x.png */,
				32A84F161AA0A364002EFF88 /* logo.png */,
				32A84F171AA0A364002EFF88 /* Project App Icons */,
				32A84F2A1AA0A364002EFF88 /* Time.png */,
				32A84F2B1AA0A364002EFF88 /* Time@2x.png */,
			);
			path = "00-Resources";
			sourceTree = "<group>";
		};
		32A84F171AA0A364002EFF88 /* Project App Icons */ = {
			isa = PBXGroup;
			children = (
				32A84F181AA0A364002EFF88 /* Homepwner-120.png */,
				32A84F191AA0A364002EFF88 /* Homepwner-152.png */,
				32A84F1A1AA0A364002EFF88 /* Homepwner-76.png */,
				32A84F1B1AA0A364002EFF88 /* HypnoNerd-120.png */,
				32A84F1C1AA0A364002EFF88 /* HypnoNerd-152.png */,
				32A84F1D1AA0A364002EFF88 /* HypnoNerd-76.png */,
				32A84F1E1AA0A364002EFF88 /* Hypnosister-120.png */,
				32A84F1F1AA0A364002EFF88 /* Hypnosister-152.png */,
				32A84F201AA0A364002EFF88 /* Hypnosister-76.png */,
				32A84F211AA0A364002EFF88 /* Nerdfeed-120.png */,
				32A84F221AA0A364002EFF88 /* Nerdfeed-152.png */,
				32A84F231AA0A364002EFF88 /* Nerdfeed-76.png */,
				32A84F241AA0A364002EFF88 /* Quiz-120.png */,
				32A84F251AA0A364002EFF88 /* Quiz-152.png */,
				32A84F261AA0A364002EFF88 /* Quiz-76.png */,
				32A84F271AA0A364002EFF88 /* TouchTracker-120.png */,
				32A84F281AA0A364002EFF88 /* TouchTracker-152.png */,
				32A84F291AA0A364002EFF88 /* TouchTracker-76.png */,
			);
			path = "Project App Icons";
			sourceTree = "<group>";
		};
/* End PBXGroup section */

/* Begin PBXNativeTarget section */
		1178B2181AA05119006A4785 /* Hypnosister */ = {
			isa = PBXNativeTarget;
			buildConfigurationList = 1178B24B1AA0511A006A4785 /* Build configuration list for PBXNativeTarget "Hypnosister" */;
			buildPhases = (
				1178B2151AA05119006A4785 /* Sources */,
				1178B2161AA05119006A4785 /* Frameworks */,
				1178B2171AA05119006A4785 /* Resources */,
			);
			buildRules = (
			);
			dependencies = (
			);
			name = Hypnosister;
			productName = Hypnosister;
			productReference = 1178B2191AA05119006A4785 /* Hypnosister.app */;
			productType = "com.apple.product-type.application";
		};
		1178B2391AA0511A006A4785 /* HypnosisterTests */ = {
			isa = PBXNativeTarget;
			buildConfigurationList = 1178B24E1AA0511A006A4785 /* Build configuration list for PBXNativeTarget "HypnosisterTests" */;
			buildPhases = (
				1178B2361AA0511A006A4785 /* Sources */,
				1178B2371AA0511A006A4785 /* Frameworks */,
				1178B2381AA0511A006A4785 /* Resources */,
			);
			buildRules = (
			);
			dependencies = (
				1178B2401AA0511A006A4785 /* PBXTargetDependency */,
			);
			name = HypnosisterTests;
			productName = HypnosisterTests;
			productReference = 1178B23A1AA0511A006A4785 /* HypnosisterTests.xctest */;
			productType = "com.apple.product-type.bundle.unit-test";
		};
/* End PBXNativeTarget section */

/* Begin PBXProject section */
		1178B2111AA05119006A4785 /* Project object */ = {
			isa = PBXProject;
			attributes = {
				CLASSPREFIX = BNR;
				LastUpgradeCheck = 0510;
				ORGANIZATIONNAME = China;
				TargetAttributes = {
					1178B2391AA0511A006A4785 = {
						TestTargetID = 1178B2181AA05119006A4785;
					};
				};
			};
			buildConfigurationList = 1178B2141AA05119006A4785 /* Build configuration list for PBXProject "Hypnosister" */;
			compatibilityVersion = "Xcode 3.2";
			developmentRegion = English;
			hasScannedForEncodings = 0;
			knownRegions = (
				en,
				Base,
			);
			mainGroup = 1178B2101AA05119006A4785;
			productRefGroup = 1178B21A1AA05119006A4785 /* Products */;
			projectDirPath = "";
			projectRoot = "";
			targets = (
				1178B2181AA05119006A4785 /* Hypnosister */,
				1178B2391AA0511A006A4785 /* HypnosisterTests */,
			);
		};
/* End PBXProject section */

/* Begin PBXResourcesBuildPhase section */
		1178B2171AA05119006A4785 /* Resources */ = {
			isa = PBXResourcesBuildPhase;
			buildActionMask = 2147483647;
			files = (
				32A84F3D1AA0A364002EFF88 /* Nerdfeed-76.png in Resources */,
				32A84F401AA0A364002EFF88 /* Quiz-76.png in Resources */,
				32A84F441AA0A364002EFF88 /* Time.png in Resources */,
				1178B2351AA0511A006A4785 /* Images.xcassets in Resources */,
				32A84F3C1AA0A364002EFF88 /* Nerdfeed-152.png in Resources */,
				32A84F301AA0A364002EFF88 /* Icon@2x.png in Resources */,
				32A84F421AA0A364002EFF88 /* TouchTracker-152.png in Resources */,
				32A84F331AA0A364002EFF88 /* Homepwner-152.png in Resources */,
				32A84F411AA0A364002EFF88 /* TouchTracker-120.png in Resources */,
				32A84F311AA0A364002EFF88 /* logo.png in Resources */,
				32A84F361AA0A364002EFF88 /* HypnoNerd-152.png in Resources */,
				32A84F431AA0A364002EFF88 /* TouchTracker-76.png in Resources */,
				32A84F2C1AA0A364002EFF88 /* Default-568h@2x.png in Resources */,
				32A84F2E1AA0A364002EFF88 /* Hypno.png in Resources */,
				32A84F321AA0A364002EFF88 /* Homepwner-120.png in Resources */,
				32A84F471AA0A41D002EFF88 /* iOSProgramming4ed.zip in Resources */,
				32A84F2D1AA0A364002EFF88 /* Default@2x.png in Resources */,
				32A84F2F1AA0A364002EFF88 /* Hypno@2x.png in Resources */,
				32A84F371AA0A364002EFF88 /* HypnoNerd-76.png in Resources */,
				32A84F391AA0A364002EFF88 /* Hypnosister-152.png in Resources */,
				32A84F351AA0A364002EFF88 /* HypnoNerd-120.png in Resources */,
				32A84F3B1AA0A364002EFF88 /* Nerdfeed-120.png in Resources */,
				1178B2271AA0511A006A4785 /* InfoPlist.strings in Resources */,
				32A84F341AA0A364002EFF88 /* Homepwner-76.png in Resources */,
				32A84F3E1AA0A364002EFF88 /* Quiz-120.png in Resources */,
				32A84F381AA0A364002EFF88 /* Hypnosister-120.png in Resources */,
				32A84F451AA0A364002EFF88 /* Time@2x.png in Resources */,
				1178B2301AA0511A006A4785 /* Main.storyboard in Resources */,
				32A84F3A1AA0A364002EFF88 /* Hypnosister-76.png in Resources */,
				32A84F3F1AA0A364002EFF88 /* Quiz-152.png in Resources */,
			);
			runOnlyForDeploymentPostprocessing = 0;
		};
		1178B2381AA0511A006A4785 /* Resources */ = {
			isa = PBXResourcesBuildPhase;
			buildActionMask = 2147483647;
			files = (
				1178B2461AA0511A006A4785 /* InfoPlist.strings in Resources */,
			);
			runOnlyForDeploymentPostprocessing = 0;
		};
/* End PBXResourcesBuildPhase section */

/* Begin PBXSourcesBuildPhase section */
		1178B2151AA05119006A4785 /* Sources */ = {
			isa = PBXSourcesBuildPhase;
			buildActionMask = 2147483647;
			files = (
				1178B2291AA0511A006A4785 /* main.m in Sources */,
				1178B22D1AA0511A006A4785 /* BNRAppDelegate.m in Sources */,
				1178B2531AA053C3006A4785 /* BNRHypnosisView.m in Sources */,
				1178B2331AA0511A006A4785 /* BNRViewController.m in Sources */,
			);
			runOnlyForDeploymentPostprocessing = 0;
		};
		1178B2361AA0511A006A4785 /* Sources */ = {
			isa = PBXSourcesBuildPhase;
			buildActionMask = 2147483647;
			files = (
				1178B2481AA0511A006A4785 /* HypnosisterTests.m in Sources */,
			);
			runOnlyForDeploymentPostprocessing = 0;
		};
/* End PBXSourcesBuildPhase section */

/* Begin PBXTargetDependency section */
		1178B2401AA0511A006A4785 /* PBXTargetDependency */ = {
			isa = PBXTargetDependency;
			target = 1178B2181AA05119006A4785 /* Hypnosister */;
			targetProxy = 1178B23F1AA0511A006A4785 /* PBXContainerItemProxy */;
		};
/* End PBXTargetDependency section */

/* Begin PBXVariantGroup section */
		1178B2251AA0511A006A4785 /* InfoPlist.strings */ = {
			isa = PBXVariantGroup;
			children = (
				1178B2261AA0511A006A4785 /* en */,
			);
			name = InfoPlist.strings;
			sourceTree = "<group>";
		};
		1178B22E1AA0511A006A4785 /* Main.storyboard */ = {
			isa = PBXVariantGroup;
			children = (
				1178B22F1AA0511A006A4785 /* Base */,
			);
			name = Main.storyboard;
			sourceTree = "<group>";
		};
		1178B2441AA0511A006A4785 /* InfoPlist.strings */ = {
			isa = PBXVariantGroup;
			children = (
				1178B2451AA0511A006A4785 /* en */,
			);
			name = InfoPlist.strings;
			sourceTree = "<group>";
		};
/* End PBXVariantGroup section */

/* Begin XCBuildConfiguration section */
		1178B2491AA0511A006A4785 /* Debug */ = {
			isa = XCBuildConfiguration;
			buildSettings = {
				ALWAYS_SEARCH_USER_PATHS = NO;
				CLANG_CXX_LANGUAGE_STANDARD = "gnu++0x";
				CLANG_CXX_LIBRARY = "libc++";
				CLANG_ENABLE_MODULES = YES;
				CLANG_ENABLE_OBJC_ARC = YES;
				CLANG_WARN_BOOL_CONVERSION = YES;
				CLANG_WARN_CONSTANT_CONVERSION = YES;
				CLANG_WARN_DIRECT_OBJC_ISA_USAGE = YES_ERROR;
				CLANG_WARN_EMPTY_BODY = YES;
				CLANG_WARN_ENUM_CONVERSION = YES;
				CLANG_WARN_INT_CONVERSION = YES;
				CLANG_WARN_OBJC_ROOT_CLASS = YES_ERROR;
				CLANG_WARN__DUPLICATE_METHOD_MATCH = YES;
				"CODE_SIGN_IDENTITY[sdk=iphoneos*]" = "iPhone Developer";
				COPY_PHASE_STRIP = NO;
				GCC_C_LANGUAGE_STANDARD = gnu99;
				GCC_DYNAMIC_NO_PIC = NO;
				GCC_OPTIMIZATION_LEVEL = 0;
				GCC_PREPROCESSOR_DEFINITIONS = (
					"DEBUG=1",
					"$(inherited)",
				);
				GCC_SYMBOLS_PRIVATE_EXTERN = NO;
				GCC_WARN_64_TO_32_BIT_CONVERSION = YES;
				GCC_WARN_ABOUT_RETURN_TYPE = YES_ERROR;
				GCC_WARN_UNDECLARED_SELECTOR = YES;
				GCC_WARN_UNINITIALIZED_AUTOS = YES_AGGRESSIVE;
				GCC_WARN_UNUSED_FUNCTION = YES;
				GCC_WARN_UNUSED_VARIABLE = YES;
				IPHONEOS_DEPLOYMENT_TARGET = 7.1;
				ONLY_ACTIVE_ARCH = YES;
				SDKROOT = iphoneos;
			};
			name = Debug;
		};
		1178B24A1AA0511A006A4785 /* Release */ = {
			isa = XCBuildConfiguration;
			buildSettings = {
				ALWAYS_SEARCH_USER_PATHS = NO;
				CLANG_CXX_LANGUAGE_STANDARD = "gnu++0x";
				CLANG_CXX_LIBRARY = "libc++";
				CLANG_ENABLE_MODULES = YES;
				CLANG_ENABLE_OBJC_ARC = YES;
				CLANG_WARN_BOOL_CONVERSION = YES;
				CLANG_WARN_CONSTANT_CONVERSION = YES;
				CLANG_WARN_DIRECT_OBJC_ISA_USAGE = YES_ERROR;
				CLANG_WARN_EMPTY_BODY = YES;
				CLANG_WARN_ENUM_CONVERSION = YES;
				CLANG_WARN_INT_CONVERSION = YES;
				CLANG_WARN_OBJC_ROOT_CLASS = YES_ERROR;
				CLANG_WARN__DUPLICATE_METHOD_MATCH = YES;
				"CODE_SIGN_IDENTITY[sdk=iphoneos*]" = "iPhone Developer";
				COPY_PHASE_STRIP = YES;
				ENABLE_NS_ASSERTIONS = NO;
				GCC_C_LANGUAGE_STANDARD = gnu99;
				GCC_WARN_64_TO_32_BIT_CONVERSION = YES;
				GCC_WARN_ABOUT_RETURN_TYPE = YES_ERROR;
				GCC_WARN_UNDECLARED_SELECTOR = YES;
				GCC_WARN_UNINITIALIZED_AUTOS = YES_AGGRESSIVE;
				GCC_WARN_UNUSED_FUNCTION = YES;
				GCC_WARN_UNUSED_VARIABLE = YES;
				IPHONEOS_DEPLOYMENT_TARGET = 7.1;
				SDKROOT = iphoneos;
				VALIDATE_PRODUCT = YES;
			};
			name = Release;
		};
		1178B24C1AA0511A006A4785 /* Debug */ = {
			isa = XCBuildConfiguration;
			buildSettings = {
				ASSETCATALOG_COMPILER_APPICON_NAME = AppIcon;
				ASSETCATALOG_COMPILER_LAUNCHIMAGE_NAME = LaunchImage;
				GCC_PRECOMPILE_PREFIX_HEADER = YES;
				GCC_PREFIX_HEADER = "Hypnosister/Hypnosister-Prefix.pch";
				INFOPLIST_FILE = "Hypnosister/Hypnosister-Info.plist";
				PRODUCT_NAME = "$(TARGET_NAME)";
				WRAPPER_EXTENSION = app;
			};
			name = Debug;
		};
		1178B24D1AA0511A006A4785 /* Release */ = {
			isa = XCBuildConfiguration;
			buildSettings = {
				ASSETCATALOG_COMPILER_APPICON_NAME = AppIcon;
				ASSETCATALOG_COMPILER_LAUNCHIMAGE_NAME = LaunchImage;
				GCC_PRECOMPILE_PREFIX_HEADER = YES;
				GCC_PREFIX_HEADER = "Hypnosister/Hypnosister-Prefix.pch";
				INFOPLIST_FILE = "Hypnosister/Hypnosister-Info.plist";
				PRODUCT_NAME = "$(TARGET_NAME)";
				WRAPPER_EXTENSION = app;
			};
			name = Release;
		};
		1178B24F1AA0511A006A4785 /* Debug */ = {
			isa = XCBuildConfiguration;
			buildSettings = {
				BUNDLE_LOADER = "$(BUILT_PRODUCTS_DIR)/Hypnosister.app/Hypnosister";
				FRAMEWORK_SEARCH_PATHS = (
					"$(SDKROOT)/Developer/Library/Frameworks",
					"$(inherited)",
					"$(DEVELOPER_FRAMEWORKS_DIR)",
				);
				GCC_PRECOMPILE_PREFIX_HEADER = YES;
				GCC_PREFIX_HEADER = "Hypnosister/Hypnosister-Prefix.pch";
				GCC_PREPROCESSOR_DEFINITIONS = (
					"DEBUG=1",
					"$(inherited)",
				);
				INFOPLIST_FILE = "HypnosisterTests/HypnosisterTests-Info.plist";
				PRODUCT_NAME = "$(TARGET_NAME)";
				TEST_HOST = "$(BUNDLE_LOADER)";
				WRAPPER_EXTENSION = xctest;
			};
			name = Debug;
		};
		1178B2501AA0511A006A4785 /* Release */ = {
			isa = XCBuildConfiguration;
			buildSettings = {
				BUNDLE_LOADER = "$(BUILT_PRODUCTS_DIR)/Hypnosister.app/Hypnosister";
				FRAMEWORK_SEARCH_PATHS = (
					"$(SDKROOT)/Developer/Library/Frameworks",
					"$(inherited)",
					"$(DEVELOPER_FRAMEWORKS_DIR)",
				);
				GCC_PRECOMPILE_PREFIX_HEADER = YES;
				GCC_PREFIX_HEADER = "Hypnosister/Hypnosister-Prefix.pch";
				INFOPLIST_FILE = "HypnosisterTests/HypnosisterTests-Info.plist";
				PRODUCT_NAME = "$(TARGET_NAME)";
				TEST_HOST = "$(BUNDLE_LOADER)";
				WRAPPER_EXTENSION = xctest;
			};
			name = Release;
		};
/* End XCBuildConfiguration section */

/* Begin XCConfigurationList section */
		1178B2141AA05119006A4785 /* Build configuration list for PBXProject "Hypnosister" */ = {
			isa = XCConfigurationList;
			buildConfigurations = (
				1178B2491AA0511A006A4785 /* Debug */,
				1178B24A1AA0511A006A4785 /* Release */,
			);
			defaultConfigurationIsVisible = 0;
			defaultConfigurationName = Release;
		};
		1178B24B1AA0511A006A4785 /* Build configuration list for PBXNativeTarget "Hypnosister" */ = {
			isa = XCConfigurationList;
			buildConfigurations = (
				1178B24C1AA0511A006A4785 /* Debug */,
				1178B24D1AA0511A006A4785 /* Release */,
			);
			defaultConfigurationIsVisible = 0;
			defaultConfigurationName = Release;
		};
		1178B24E1AA0511A006A4785 /* Build configuration list for PBXNativeTarget "HypnosisterTests" */ = {
			isa = XCConfigurationList;
			buildConfigurations = (
				1178B24F1AA0511A006A4785 /* Debug */,
				1178B2501AA0511A006A4785 /* Release */,
			);
			defaultConfigurationIsVisible = 0;
			defaultConfigurationName = Release;
		};
/* End XCConfigurationList section */
	};
	rootObject = 1178B2111AA05119006A4785 /* Project object */;
}
